{
  "name": "disposable-email-detector",
  "version": "3.0.0",
  "lockfileVersion": 3,
  "requires": true,
  "packages": {
    "": {
      "name": "disposable-email-detector",
      "version": "3.0.0",
      "license": "MIT",
      "dependencies": {
        "disposable-email-detector": "^3.0.0"
      },
      "devDependencies": {
        "@types/node": "^20.11.25",
        "typescript": "^5.4.2"
      }
    },
    "node_modules/@types/node": {
      "version": "20.19.39",
      "resolved": "https://registry.npmjs.org/@types/node/-/node-20.19.39.tgz",
      "integrity": "sha512-orrrD74MBUyK8jOAD/r0+lfa1I2MO6I+vAkmAWzMYbCcgrN4lCrmK52gRFQq/JRxfYPfonkr4b0jcY7Olqdqbw==",
      "dev": true,
      "license": "MIT",
      "dependencies": {
        "undici-types": "~6.21.0"
      }
    },
    "node_modules/disposable-email-detector": {
      "version": "3.0.0",
      "resolved": "https://registry.npmjs.org/disposable-email-detector/-/disposable-email-detector-3.0.0.tgz",
      "integrity": "sha512-q/7bq+vXAupa8Z9eGlrpJ8qJ0Q3j8cgs15qvvdJNVnmFso8ludFFBVXoj4ALRfy66K92T9xdyWxl98RX9jlAiw==",
      "license": "MIT",
      "dependencies": {
        "disposable-email-detector": "^1.0.1"
      }
    },
    "node_modules/disposable-email-detector/node_modules/disposable-email-detector": {
      "version": "1.0.3",
      "resolved": "https://registry.npmjs.org/disposable-email-detector/-/disposable-email-detector-1.0.3.tgz",
      "integrity": "sha512-hqVTnwz4B8iuFefKcp6I3m8J/ZXiNzBZROD2t3lS2cZlo+/hkKrsMvn9i9wyuXTGZ0WUblC8h/gSzybF9nVWiQ==",
      "license": "ISC",
      "dependencies": {
        "disposable-email-detector": "^1.0.1"
      }
    },
    "node_modules/typescript": {
      "version": "5.9.3",
      "resolved": "https://registry.npmjs.org/typescript/-/typescript-5.9.3.tgz",
      "integrity": "sha512-jl1vZzPDinLr9eUt3J/t7V6FgNEw9QjvBPdysz9KfQDD41fQrC2Y4vKQdiaUpFT4bXlb1RHhLpp8wtm6M5TgSw==",
      "dev": true,
      "license": "Apache-2.0",
      "bin": {
        "tsc": "bin/tsc",
        "tsserver": "bin/tsserver"
      },
      "engines": {
        "node": ">=14.17"
      }
    },
    "node_modules/undici-types": {
      "version": "6.21.0",
      "resolved": "https://registry.npmjs.org/undici-types/-/undici-types-6.21.0.tgz",
      "integrity": "sha512-iwDZqg0QAGrg9Rav5H4n0M64c3mkR59cJ6wQp+7C4nI0gsmExaedaYLNO44eT4AtBBwjbTiGPMlt2Md0T9H9JQ==",
      "dev": true,
      "license": "MIT"
    }
  }
}
